{
    "_readme": [
        "This file locks the dependencies of your project to a known state",
        "Read more about it at https://getcomposer.org/doc/01-basic-usage.md#installing-dependencies",
        "This file is @generated automatically"
    ],
    "content-hash": "8836c4beddec443afbfc3fa52a950771",
    "packages": [
        {
            "name": "ircmaxell/password-compat",
            "version": "v1.0.4",
            "source": {
                "type": "git",
                "url": "https://github.com/ircmaxell/password_compat.git",
                "reference": "5c5cde8822a69545767f7c7f3058cb15ff84614c"
            },
            "dist": {
                "type": "zip",
                "url": "https://api.github.com/repos/ircmaxell/password_compat/zipball/5c5cde8822a69545767f7c7f3058cb15ff84614c",
                "reference": "5c5cde8822a69545767f7c7f3058cb15ff84614c",
                "shasum": ""
            },
            "require-dev": {
                "phpunit/phpunit": "4.*"
            },
            "type": "library",
            "autoload": {
                "files": [
                    "lib/password.php"
                ]
            },
            "notification-url": "https://packagist.org/downloads/",
            "license": [
                "MIT"
            ],
            "authors": [
                {
                    "name": "Anthony Ferrara",
                    "email": "ircmaxell@php.net",
                    "homepage": "http://blog.ircmaxell.com"
                }
            ],
            "description": "A compatibility library for the proposed simplified password hashing algorithm: https://wiki.php.net/rfc/password_hash",
            "homepage": "https://github.com/ircmaxell/password_compat",
            "keywords": [
                "hashing",
                "password"
            ],
            "support": {
                "issues": "https://github.com/ircmaxell/password_compat/issues",
                "source": "https://github.com/ircmaxell/password_compat/tree/v1.0"
            },
            "time": "2014-11-20T16:49:30+00:00"
        },
        {
            "name": "symfony/polyfill-ctype",
            "version": "v1.31.0",
            "source": {
                "type": "git",
                "url": "https://github.com/symfony/polyfill-ctype.git",
                "reference": "a3cc8b044a6ea513310cbd48ef7333b384945638"
            },
            "dist": {
                "type": "zip",
                "url": "https://api.github.com/repos/symfony/polyfill-ctype/zipball/a3cc8b044a6ea513310cbd48ef7333b384945638",
                "reference": "a3cc8b044a6ea513310cbd48ef7333b384945638",
                "shasum": ""
            },
            "require": {
                "php": ">=7.2"
            },
            "provide": {
                "ext-ctype": "*"
            },
            "suggest": {
                "ext-ctype": "For best performance"
            },
            "type": "library",
            "extra": {
                "thanks": {
                    "url": "https://github.com/symfony/polyfill",
                    "name": "symfony/polyfill"
                }
            },
            "autoload": {
                "files": [
                    "bootstrap.php"
                ],
                "psr-4": {
                    "Symfony\\Polyfill\\Ctype\\": ""
                }
            },
            "notification-url": "https://packagist.org/downloads/",
            "license": [
                "MIT"
            ],
            "authors": [
                {
                    "name": "Gert de Pagter",
                    "email": "BackEndTea@gmail.com"
                },
                {
                    "name": "Symfony Community",
                    "homepage": "https://symfony.com/contributors"
                }
            ],
            "description": "Symfony polyfill for ctype functions",
            "homepage": "https://symfony.com",
            "keywords": [
                "compatibility",
                "ctype",
                "polyfill",
                "portable"
            ],
            "support": {
                "source": "https://github.com/symfony/polyfill-ctype/tree/v1.31.0"
            },
            "funding": [
                {
                    "url": "https://symfony.com/sponsor",
                    "type": "custom"
                },
                {
                    "url": "https://github.com/fabpot",
                    "type": "github"
                },
                {
                    "url": "https://tidelift.com/funding/github/packagist/symfony/symfony",
                    "type": "tidelift"
                }
            ],
            "time": "2024-09-09T11:45:10+00:00"
        },
        {
            "name": "twig/twig",
            "version": "v1.44.8",
            "source": {
                "type": "git",
                "url": "https://github.com/twigphp/Twig.git",
                "reference": "b1f009c449e435a0384814e67205d9190a4d050e"
            },
            "dist": {
                "type": "zip",
                "url": "https://api.github.com/repos/twigphp/Twig/zipball/b1f009c449e435a0384814e67205d9190a4d050e",
                "reference": "b1f009c449e435a0384814e67205d9190a4d050e",
                "shasum": ""
            },
            "require": {
                "php": ">=7.2.5",
                "symfony/polyfill-ctype": "^1.8"
            },
            "require-dev": {
                "psr/container": "^1.0",
                "symfony/phpunit-bridge": "^4.4.9|^5.0.9"
            },
            "type": "library",
            "extra": {
                "branch-alias": {
                    "dev-master": "1.44-dev"
                }
            },
            "autoload": {
                "psr-0": {
                    "Twig_": "lib/"
                },
                "psr-4": {
                    "Twig\\": "src/"
                }
            },
            "notification-url": "https://packagist.org/downloads/",
            "license": [
                "BSD-3-Clause"
            ],
            "authors": [
                {
                    "name": "Fabien Potencier",
                    "email": "fabien@symfony.com",
                    "homepage": "http://fabien.potencier.org",
                    "role": "Lead Developer"
                },
                {
                    "name": "Twig Team",
                    "role": "Contributors"
                },
                {
                    "name": "Armin Ronacher",
                    "email": "armin.ronacher@active-4.com",
                    "role": "Project Founder"
                }
            ],
            "description": "Twig, the flexible, fast, and secure template language for PHP",
            "homepage": "https://twig.symfony.com",
            "keywords": [
                "templating"
            ],
            "support": {
                "issues": "https://github.com/twigphp/Twig/issues",
                "source": "https://github.com/twigphp/Twig/tree/v1.44.8"
            },
            "funding": [
                {
                    "url": "https://github.com/fabpot",
                    "type": "github"
                },
                {
                    "url": "https://tidelift.com/funding/github/packagist/twig/twig",
                    "type": "tidelift"
                }
            ],
            "time": "2024-09-09T17:17:16+00:00"
        }
    ],
    "packages-dev": [
        {
            "name": "phpstan/phpstan",
            "version": "2.1.12",
            "source": {
                "type": "git",
                "url": "https://github.com/phpstan/phpstan.git",
                "reference": "96dde49e967c0c22812bcfa7bda4ff82c09f3b0c"
            },
            "dist": {
                "type": "zip",
                "url": "https://api.github.com/repos/phpstan/phpstan/zipball/96dde49e967c0c22812bcfa7bda4ff82c09f3b0c",
                "reference": "96dde49e967c0c22812bcfa7bda4ff82c09f3b0c",
                "shasum": ""
            },
            "require": {
                "php": "^7.4|^8.0"
            },
            "conflict": {
                "phpstan/phpstan-shim": "*"
            },
            "bin": [
                "phpstan",
                "phpstan.phar"
            ],
            "type": "library",
            "autoload": {
                "files": [
                    "bootstrap.php"
                ]
            },
            "notification-url": "https://packagist.org/downloads/",
            "license": [
                "MIT"
            ],
            "description": "PHPStan - PHP Static Analysis Tool",
            "keywords": [
                "dev",
                "static analysis"
            ],
            "support": {
                "docs": "https://phpstan.org/user-guide/getting-started",
                "forum": "https://github.com/phpstan/phpstan/discussions",
                "issues": "https://github.com/phpstan/phpstan/issues",
                "security": "https://github.com/phpstan/phpstan/security/policy",
                "source": "https://github.com/phpstan/phpstan-src"
            },
            "funding": [
                {
                    "url": "https://github.com/ondrejmirtes",
                    "type": "github"
                },
                {
                    "url": "https://github.com/phpstan",
                    "type": "github"
                }
            ],
            "time": "2025-04-16T13:19:18+00:00"
        },
        {
            "name": "rector/rector",
            "version": "2.0.11",
            "source": {
                "type": "git",
                "url": "https://github.com/rectorphp/rector.git",
                "reference": "059b827cc648929711606e9824337e41e2f9ed92"
            },
            "dist": {
                "type": "zip",
                "url": "https://api.github.com/repos/rectorphp/rector/zipball/059b827cc648929711606e9824337e41e2f9ed92",
                "reference": "059b827cc648929711606e9824337e41e2f9ed92",
                "shasum": ""
            },
            "require": {
                "php": "^7.4|^8.0",
                "phpstan/phpstan": "^2.1.9"
            },
            "conflict": {
                "rector/rector-doctrine": "*",
                "rector/rector-downgrade-php": "*",
                "rector/rector-phpunit": "*",
                "rector/rector-symfony": "*"
            },
            "suggest": {
                "ext-dom": "To manipulate phpunit.xml via the custom-rule command"
            },
            "bin": [
                "bin/rector"
            ],
            "type": "library",
            "autoload": {
                "files": [
                    "bootstrap.php"
                ]
            },
            "notification-url": "https://packagist.org/downloads/",
            "license": [
                "MIT"
            ],
            "description": "Instant Upgrade and Automated Refactoring of any PHP code",
            "keywords": [
                "automation",
                "dev",
                "migration",
                "refactoring"
            ],
            "support": {
                "issues": "https://github.com/rectorphp/rector/issues",
                "source": "https://github.com/rectorphp/rector/tree/2.0.11"
            },
            "funding": [
                {
                    "url": "https://github.com/tomasvotruba",
                    "type": "github"
                }
            ],
            "time": "2025-03-28T10:25:17+00:00"
        },
        {
            "name": "squizlabs/php_codesniffer",
            "version": "3.12.2",
            "source": {
                "type": "git",
                "url": "https://github.com/PHPCSStandards/PHP_CodeSniffer.git",
                "reference": "6d4cf6032d4b718f168c90a96e36c7d0eaacb2aa"
            },
            "dist": {
                "type": "zip",
                "url": "https://api.github.com/repos/PHPCSStandards/PHP_CodeSniffer/zipball/6d4cf6032d4b718f168c90a96e36c7d0eaacb2aa",
                "reference": "6d4cf6032d4b718f168c90a96e36c7d0eaacb2aa",
                "shasum": ""
            },
            "require": {
                "ext-simplexml": "*",
                "ext-tokenizer": "*",
                "ext-xmlwriter": "*",
                "php": ">=5.4.0"
            },
            "require-dev": {
                "phpunit/phpunit": "^4.0 || ^5.0 || ^6.0 || ^7.0 || ^8.0 || ^9.3.4"
            },
            "bin": [
                "bin/phpcbf",
                "bin/phpcs"
            ],
            "type": "library",
            "extra": {
                "branch-alias": {
                    "dev-master": "3.x-dev"
                }
            },
            "notification-url": "https://packagist.org/downloads/",
            "license": [
                "BSD-3-Clause"
            ],
            "authors": [
                {
                    "name": "Greg Sherwood",
                    "role": "Former lead"
                },
                {
                    "name": "Juliette Reinders Folmer",
                    "role": "Current lead"
                },
                {
                    "name": "Contributors",
                    "homepage": "https://github.com/PHPCSStandards/PHP_CodeSniffer/graphs/contributors"
                }
            ],
            "description": "PHP_CodeSniffer tokenizes PHP, JavaScript and CSS files and detects violations of a defined set of coding standards.",
            "homepage": "https://github.com/PHPCSStandards/PHP_CodeSniffer",
            "keywords": [
                "phpcs",
                "standards",
                "static analysis"
            ],
            "support": {
                "issues": "https://github.com/PHPCSStandards/PHP_CodeSniffer/issues",
                "security": "https://github.com/PHPCSStandards/PHP_CodeSniffer/security/policy",
                "source": "https://github.com/PHPCSStandards/PHP_CodeSniffer",
                "wiki": "https://github.com/PHPCSStandards/PHP_CodeSniffer/wiki"
            },
            "funding": [
                {
                    "url": "https://github.com/PHPCSStandards",
                    "type": "github"
                },
                {
                    "url": "https://github.com/jrfnl",
                    "type": "github"
                },
                {
                    "url": "https://opencollective.com/php_codesniffer",
                    "type": "open_collective"
                },
                {
                    "url": "https://thanks.dev/u/gh/phpcsstandards",
                    "type": "thanks_dev"
                }
            ],
            "time": "2025-04-13T04:10:18+00:00"
        }
    ],
    "aliases": [],
    "minimum-stability": "stable",
    "stability-flags": {},
    "prefer-stable": false,
    "prefer-lowest": false,
    "platform": {},
    "platform-dev": {},
    "plugin-api-version": "2.6.0"
}
